[[package]]
name = "behave"
version = "1.2.6"
description = "behave is behaviour-driven development, Python style"
category = "main"
optional = false
python-versions = ">=2.6, !=3.0.*, !=3.1.*, !=3.2.*"

[package.dependencies]
parse = ">=1.8.2"
parse-type = ">=0.4.2"
six = ">=1.11"

[package.extras]
develop = ["coverage", "pytest (>=3.0)", "pytest-cov", "tox", "invoke (>=0.21.0)", "path.py (>=8.1.2)", "pycmd", "pathlib", "modernize (>=0.5)", "pylint"]
docs = ["sphinx (>=1.6)", "sphinx-bootstrap-theme (>=0.6)"]

[[package]]
name = "black"
version = "22.6.0"
description = "The uncompromising code formatter."
category = "dev"
optional = false
python-versions = ">=3.6.2"

[package.dependencies]
click = ">=8.0.0"
mypy-extensions = ">=0.4.3"
pathspec = ">=0.9.0"
platformdirs = ">=2"
tomli = {version = ">=1.1.0", markers = "python_full_version < \"3.11.0a7\""}
typing-extensions = {version = ">=3.10.0.0", markers = "python_version < \"3.10\""}

[package.extras]
colorama = ["colorama (>=0.4.3)"]
d = ["aiohttp (>=3.7.4)"]
jupyter = ["ipython (>=7.8.0)", "tokenize-rt (>=3.2.0)"]
uvloop = ["uvloop (>=0.15.2)"]

[[package]]
name = "certifi"
version = "2022.6.15"
description = "Python package for providing Mozilla's CA Bundle."
category = "main"
optional = false
python-versions = ">=3.6"

[[package]]
name = "charset-normalizer"
version = "2.1.0"
description = "The Real First Universal Charset Detector. Open, modern and actively maintained alternative to Chardet."
category = "main"
optional = false
python-versions = ">=3.6.0"

[package.extras]
unicode_backport = ["unicodedata2"]

[[package]]
name = "click"
version = "8.1.3"
description = "Composable command line interface toolkit"
category = "dev"
optional = false
python-versions = ">=3.7"

[package.dependencies]
colorama = {version = "*", markers = "platform_system == \"Windows\""}

[[package]]
name = "colorama"
version = "0.4.5"
description = "Cross-platform colored terminal text."
category = "main"
optional = false
python-versions = ">=2.7, !=3.0.*, !=3.1.*, !=3.2.*, !=3.3.*, !=3.4.*"

[[package]]
name = "colorlog"
version = "4.8.0"
description = "Log formatting with colors!"
category = "main"
optional = false
python-versions = "*"

[package.dependencies]
colorama = {version = "*", markers = "sys_platform == \"win32\""}

[[package]]
name = "draymed"
version = "2.1.5"
description = "Draymed library for SNOMED codes and more"
category = "main"
optional = false
python-versions = ">=3.7,<4.0"

[package.source]
type = "legacy"
url = "https://pypi.fury.io/sensynehealth"
reference = "sensynehealth"

[[package]]
name = "environs"
version = "4.2.0"
description = "simplified environment variable parsing"
category = "main"
optional = false
python-versions = "*"

[package.dependencies]
marshmallow = ">=2.7.0"
python-dotenv = "*"

[package.extras]
dev = ["pytest", "mock", "webtest (==2.0.33)", "dj-database-url", "dj-email-url", "flake8 (==3.7.7)", "pre-commit (==1.16.1)", "tox", "webtest-aiohttp (==2.0.0)", "pytest-aiohttp (>=0.3.0)", "flake8-bugbear (==19.3.0)"]
django = ["dj-database-url", "dj-email-url"]
lint = ["flake8 (==3.7.7)", "pre-commit (==1.16.1)", "flake8-bugbear (==19.3.0)"]
tests = ["pytest", "mock", "webtest (==2.0.33)", "dj-database-url", "dj-email-url", "webtest-aiohttp (==2.0.0)", "pytest-aiohttp (>=0.3.0)"]

[[package]]
name = "faker"
version = "4.18.0"
description = "Faker is a Python package that generates fake data for you."
category = "main"
optional = false
python-versions = ">=3.5"

[package.dependencies]
python-dateutil = ">=2.4"
text-unidecode = "1.3"

[[package]]
name = "hl7"
version = "0.4.5"
description = "Python library parsing HL7 v2.x messages"
category = "main"
optional = false
python-versions = "*"

[[package]]
name = "idna"
version = "3.3"
description = "Internationalized Domain Names in Applications (IDNA)"
category = "main"
optional = false
python-versions = ">=3.5"

[[package]]
name = "isort"
version = "5.10.1"
description = "A Python utility / library to sort Python imports."
category = "dev"
optional = false
python-versions = ">=3.6.1,<4.0"

[package.extras]
pipfile_deprecated_finder = ["pipreqs", "requirementslib"]
requirements_deprecated_finder = ["pipreqs", "pip-api"]
colors = ["colorama (>=0.4.3,<0.5.0)"]
plugins = ["setuptools"]

[[package]]
name = "jinja2"
version = "3.1.2"
description = "A very fast and expressive template engine."
category = "main"
optional = false
python-versions = ">=3.7"

[package.dependencies]
MarkupSafe = ">=2.0"

[package.extras]
i18n = ["Babel (>=2.7)"]

[[package]]
name = "json-log-formatter"
version = "0.5.1"
description = "JSON log formatter"
category = "main"
optional = false
python-versions = "*"

[[package]]
name = "markupsafe"
version = "2.1.1"
description = "Safely add untrusted strings to HTML/XML markup."
category = "main"
optional = false
python-versions = ">=3.7"

[[package]]
name = "marshmallow"
version = "3.17.0"
description = "A lightweight library for converting complex datatypes to and from native Python datatypes."
category = "main"
optional = false
python-versions = ">=3.7"

[package.dependencies]
packaging = ">=17.0"

[package.extras]
dev = ["pytest", "pytz", "simplejson", "mypy (==0.961)", "flake8 (==4.0.1)", "flake8-bugbear (==22.6.22)", "pre-commit (>=2.4,<3.0)", "tox"]
docs = ["sphinx (==4.5.0)", "sphinx-issues (==3.0.1)", "alabaster (==0.7.12)", "sphinx-version-warning (==1.1.2)", "autodocsumm (==0.2.8)"]
lint = ["mypy (==0.961)", "flake8 (==4.0.1)", "flake8-bugbear (==22.6.22)", "pre-commit (>=2.4,<3.0)"]
tests = ["pytest", "pytz", "simplejson"]

[[package]]
name = "mss"
version = "5.1.0"
description = "An ultra fast cross-platform multiple screenshots module in pure python using ctypes."
category = "main"
optional = false
python-versions = ">=3.5"

[[package]]
name = "mypy"
version = "0.971"
description = "Optional static typing for Python"
category = "dev"
optional = false
python-versions = ">=3.6"

[package.dependencies]
mypy-extensions = ">=0.4.3"
tomli = {version = ">=1.1.0", markers = "python_version < \"3.11\""}
typing-extensions = ">=3.10"

[package.extras]
dmypy = ["psutil (>=4.0)"]
python2 = ["typed-ast (>=1.4.0,<2)"]
reports = ["lxml"]

[[package]]
name = "mypy-extensions"
version = "0.4.3"
description = "Experimental type system extensions for programs checked with the mypy typechecker."
category = "dev"
optional = false
python-versions = "*"

[[package]]
name = "packaging"
version = "21.3"
description = "Core utilities for Python packages"
category = "main"
optional = false
python-versions = ">=3.6"

[package.dependencies]
pyparsing = ">=2.0.2,<3.0.5 || >3.0.5"

[[package]]
name = "parse"
version = "1.19.0"
description = "parse() is the opposite of format()"
category = "main"
optional = false
python-versions = "*"

[[package]]
name = "parse-type"
version = "0.6.0"
description = "Simplifies to build parse types based on the parse module"
category = "main"
optional = false
python-versions = ">=2.7, !=3.0.*, !=3.1.*"

[package.dependencies]
parse = {version = ">=1.18.0", markers = "python_version >= \"3.0\""}
six = ">=1.11"

[package.extras]
docs = ["sphinx (>=1.2)"]
develop = ["pytest (>=5.0)", "pytest (<5.0)", "tox (>=2.8)", "pytest-cov", "pytest-html (>=1.19.0)", "coverage (>=4.4)"]

[[package]]
name = "pathspec"
version = "0.9.0"
description = "Utility library for gitignore style pattern matching of file paths."
category = "dev"
optional = false
python-versions = "!=3.0.*,!=3.1.*,!=3.2.*,!=3.3.*,!=3.4.*,>=2.7"

[[package]]
name = "platformdirs"
version = "2.5.2"
description = "A small Python module for determining appropriate platform-specific dirs, e.g. a \"user data dir\"."
category = "dev"
optional = false
python-versions = ">=3.7"

[package.extras]
docs = ["furo (>=2021.7.5b38)", "proselint (>=0.10.2)", "sphinx-autodoc-typehints (>=1.12)", "sphinx (>=4)"]
test = ["appdirs (==1.4.4)", "pytest-cov (>=2.7)", "pytest-mock (>=3.6)", "pytest (>=6)"]

[[package]]
name = "pyjwt"
version = "1.7.1"
description = "JSON Web Token implementation in Python"
category = "main"
optional = false
python-versions = "*"

[package.extras]
crypto = ["cryptography (>=1.4)"]
flake8 = ["flake8", "flake8-import-order", "pep8-naming"]
test = ["pytest (>=4.0.1,<5.0.0)", "pytest-cov (>=2.6.0,<3.0.0)", "pytest-runner (>=4.2,<5.0.0)"]

[[package]]
name = "pyparsing"
version = "3.0.9"
description = "pyparsing module - Classes and methods to define and execute parsing grammars"
category = "main"
optional = false
python-versions = ">=3.6.8"

[package.extras]
diagrams = ["railroad-diagrams", "jinja2"]

[[package]]
name = "pypdf2"
version = "1.28.5"
description = "A pure-python PDF library capable of splitting, merging, cropping, and transforming PDF files"
category = "main"
optional = false
python-versions = ">=2.7"

[[package]]
name = "python-dateutil"
version = "2.8.2"
description = "Extensions to the standard Python datetime module"
category = "main"
optional = false
python-versions = "!=3.0.*,!=3.1.*,!=3.2.*,>=2.7"

[package.dependencies]
six = ">=1.5"

[[package]]
name = "python-dotenv"
version = "0.20.0"
description = "Read key-value pairs from a .env file and set them as environment variables"
category = "main"
optional = false
python-versions = ">=3.5"

[package.extras]
cli = ["click (>=5.0)"]

[[package]]
name = "pytz"
version = "2022.1"
description = "World timezone definitions, modern and historical"
category = "main"
optional = false
python-versions = "*"

[[package]]
name = "pyyaml"
version = "5.4.1"
description = "YAML parser and emitter for Python"
category = "main"
optional = false
python-versions = ">=2.7, !=3.0.*, !=3.1.*, !=3.2.*, !=3.3.*, !=3.4.*, !=3.5.*"

[[package]]
name = "reportportal-behave-client"
version = "1.1.1"
description = "ReportPortal integration client lib"
category = "main"
optional = false
python-versions = ">=3"

[package.dependencies]
behave = "1.2.6"
mss = "5.1.0"
reportportal-client = "5.0.3"

[[package]]
name = "reportportal-client"
version = "5.0.3"
description = "Python client for Report Portal v5."
category = "main"
optional = false
python-versions = "*"

[package.dependencies]
requests = ">=2.4.2"
six = "*"

[[package]]
name = "requests"
version = "2.28.1"
description = "Python HTTP for Humans."
category = "main"
optional = false
python-versions = ">=3.7, <4"

[package.dependencies]
certifi = ">=2017.4.17"
charset-normalizer = ">=2,<3"
idna = ">=2.5,<4"
urllib3 = ">=1.21.1,<1.27"

[package.extras]
socks = ["PySocks (>=1.5.6,!=1.5.7)"]
use_chardet_on_py3 = ["chardet (>=3.0.2,<6)"]

[[package]]
name = "she-data-generation"
version = "1.0.6"
description = "Data generation for test code"
category = "main"
optional = false
python-versions = ">=3.8,<4.0"

[package.dependencies]
draymed = ">=2.0.0,<3.0.0"
faker = ">=4.0.0,<5.0.0"

[package.source]
type = "legacy"
url = "https://pypi.fury.io/sensynehealth"
reference = "sensynehealth"

[[package]]
name = "she-http-clients"
version = "2.2.3"
description = "HTTP client libraries for use by test tools"
category = "main"
optional = false
python-versions = ">=3.9,<4.0"

[package.dependencies]
environs = ">=4.0.0,<5.0.0"
requests = ">=2.0.0,<3.0.0"
she_logging = ">=1.0.0,<2.0.0"

[package.source]
type = "legacy"
url = "https://pypi.fury.io/sensynehealth"
reference = "sensynehealth"

[[package]]
name = "she-logging"
version = "1.4.0"
description = "Common logging configuration for Sensyne Health microservices"
category = "main"
optional = false
python-versions = ">=3.6.9,<4.0"

[package.dependencies]
environs = "*"
JSON-log-formatter = "<1.0.0"
PyYAML = ">=5.0.0,<6.0.0"

[package.extras]
colour = ["rich (>=10.0.0,<11.0.0)"]

[package.source]
type = "legacy"
url = "https://pypi.fury.io/sensynehealth"
reference = "sensynehealth"

[[package]]
name = "six"
version = "1.16.0"
description = "Python 2 and 3 compatibility utilities"
category = "main"
optional = false
python-versions = ">=2.7, !=3.0.*, !=3.1.*, !=3.2.*"

[[package]]
name = "text-unidecode"
version = "1.3"
description = "The most basic Text::Unidecode port"
category = "main"
optional = false
python-versions = "*"

[[package]]
name = "tomli"
version = "2.0.1"
description = "A lil' TOML parser"
category = "dev"
optional = false
python-versions = ">=3.7"

[[package]]
name = "twilio"
version = "6.63.2"
description = "Twilio API client and TwiML generator"
category = "main"
optional = false
python-versions = "*"

[package.dependencies]
PyJWT = "1.7.1"
pytz = "*"
requests = {version = ">=2.0.0", markers = "python_version >= \"3.0\""}
six = "*"

[[package]]
name = "types-requests"
version = "2.28.5"
description = "Typing stubs for requests"
category = "dev"
optional = false
python-versions = "*"

[package.dependencies]
types-urllib3 = "<1.27"

[[package]]
name = "types-urllib3"
version = "1.26.17"
description = "Typing stubs for urllib3"
category = "dev"
optional = false
python-versions = "*"

[[package]]
name = "typing-extensions"
version = "4.3.0"
description = "Backported and Experimental Type Hints for Python 3.7+"
category = "dev"
optional = false
python-versions = ">=3.7"

[[package]]
name = "urllib3"
version = "1.26.11"
description = "HTTP library with thread-safe connection pooling, file post, and more."
category = "main"
optional = false
python-versions = ">=2.7, !=3.0.*, !=3.1.*, !=3.2.*, !=3.3.*, !=3.4.*, !=3.5.*, <4"

[package.extras]
brotli = ["brotlicffi (>=0.8.0)", "brotli (>=1.0.9)", "brotlipy (>=0.6.0)"]
secure = ["pyOpenSSL (>=0.14)", "cryptography (>=1.3.4)", "idna (>=2.0.0)", "certifi", "ipaddress"]
socks = ["PySocks (>=1.5.6,!=1.5.7,<2.0)"]

[metadata]
lock-version = "1.1"
python-versions = "^3.9"
content-hash = "e340e83e7e16c49dc50b916d591749aba8cf37be3e1e8ab18c5ef867bbfe5a69"

[metadata.files]
behave = []
black = []
certifi = []
charset-normalizer = []
click = []
colorama = []
colorlog = []
draymed = [
    {file = "draymed-2.1.5-py3-none-any.whl", hash = "md5:cf08c694416dd96f597fb5e136571789"},
    {file = "draymed-2.1.5.tar.gz", hash = "md5:c153fd41894c10bfb9ea04cac917fd16"},
]
environs = []
faker = []
hl7 = []
idna = []
isort = []
jinja2 = []
json-log-formatter = []
markupsafe = []
marshmallow = []
mss = []
mypy = []
mypy-extensions = []
packaging = []
parse = []
parse-type = []
pathspec = []
platformdirs = []
pyjwt = []
pyparsing = []
pypdf2 = []
python-dateutil = []
python-dotenv = []
pytz = []
pyyaml = []
reportportal-behave-client = []
reportportal-client = []
requests = []
she-data-generation = [
    {file = "she-data-generation-1.0.6.tar.gz", hash = "md5:550b4a432bf19457fb972cbe3bffade2"},
    {file = "she_data_generation-1.0.6-py3-none-any.whl", hash = "md5:fe56e1ed85ea65aa69afd596cbf564f6"},
]
she-http-clients = [
    {file = "she-http-clients-2.2.3.tar.gz", hash = "md5:d16ea318b0c0348e933e447c10eee4ab"},
    {file = "she_http_clients-2.2.3-py3-none-any.whl", hash = "md5:5a269f16e5e9feaf91adcf6e74ff012c"},
]
she-logging = [
    {file = "she-logging-1.4.0.tar.gz", hash = "md5:89cabd2bb4b7319ccc94f32799c1f90d"},
    {file = "she_logging-1.4.0-py3-none-any.whl", hash = "md5:823f13c64489cdfea9734cdc1dc0fc3d"},
]
six = []
text-unidecode = []
tomli = []
twilio = []
types-requests = []
types-urllib3 = []
typing-extensions = []
urllib3 = []
